// !$*UTF8*$!
{
	archiveVersion = 1;
	classes = {
	};
	objectVersion = 50;
	objects = {

/* Begin PBXBuildFile section */
		5BDFE0A824B526A4007B2E24 /* AppDelegate.swift in Sources */ = {isa = PBXBuildFile; fileRef = 5BDFE0A724B526A4007B2E24 /* AppDelegate.swift */; };
		5BDFE0AA24B526A4007B2E24 /* SceneDelegate.swift in Sources */ = {isa = PBXBuildFile; fileRef = 5BDFE0A924B526A4007B2E24 /* SceneDelegate.swift */; };
		5BDFE0AC24B526A4007B2E24 /* ViewController.swift in Sources */ = {isa = PBXBuildFile; fileRef = 5BDFE0AB24B526A4007B2E24 /* ViewController.swift */; };
		5BDFE0AF24B526A4007B2E24 /* Main.storyboard in Resources */ = {isa = PBXBuildFile; fileRef = 5BDFE0AD24B526A4007B2E24 /* Main.storyboard */; };
		5BDFE0B124B526A5007B2E24 /* Assets.xcassets in Resources */ = {isa = PBXBuildFile; fileRef = 5BDFE0B024B526A5007B2E24 /* Assets.xcassets */; };
		5BDFE0B424B526A5007B2E24 /* LaunchScreen.storyboard in Resources */ = {isa = PBXBuildFile; fileRef = 5BDFE0B224B526A5007B2E24 /* LaunchScreen.storyboard */; };
		5BDFE0C824B526E3007B2E24 /* rabbit.png in Resources */ = {isa = PBXBuildFile; fileRef = 5BDFE0BC24B526E2007B2E24 /* rabbit.png */; };
		5BDFE0C924B526E3007B2E24 /* aurora.jpeg in Resources */ = {isa = PBXBuildFile; fileRef = 5BDFE0BD24B526E2007B2E24 /* aurora.jpeg */; };
		5BDFE0CA24B526E3007B2E24 /* bear.png in Resources */ = {isa = PBXBuildFile; fileRef = 5BDFE0BE24B526E2007B2E24 /* bear.png */; };
		5BDFE0CB24B526E3007B2E24 /* horsestar.png in Resources */ = {isa = PBXBuildFile; fileRef = 5BDFE0BF24B526E2007B2E24 /* horsestar.png */; };
		5BDFE0CC24B526E3007B2E24 /* rabbitstar.png in Resources */ = {isa = PBXBuildFile; fileRef = 5BDFE0C024B526E2007B2E24 /* rabbitstar.png */; };
		5BDFE0CD24B526E3007B2E24 /* dogstar.png in Resources */ = {isa = PBXBuildFile; fileRef = 5BDFE0C124B526E2007B2E24 /* dogstar.png */; };
		5BDFE0CE24B526E3007B2E24 /* eagle.png in Resources */ = {isa = PBXBuildFile; fileRef = 5BDFE0C224B526E2007B2E24 /* eagle.png */; };
		5BDFE0CF24B526E3007B2E24 /* horse.png in Resources */ = {isa = PBXBuildFile; fileRef = 5BDFE0C324B526E2007B2E24 /* horse.png */; };
		5BDFE0D024B526E3007B2E24 /* eaglestar.png in Resources */ = {isa = PBXBuildFile; fileRef = 5BDFE0C424B526E2007B2E24 /* eaglestar.png */; };
		5BDFE0D124B526E3007B2E24 /* dog.png in Resources */ = {isa = PBXBuildFile; fileRef = 5BDFE0C524B526E2007B2E24 /* dog.png */; };
		5BDFE0D224B526E3007B2E24 /* constellation.jpeg in Resources */ = {isa = PBXBuildFile; fileRef = 5BDFE0C624B526E3007B2E24 /* constellation.jpeg */; };
		5BDFE0D324B526E3007B2E24 /* bearstar.png in Resources */ = {isa = PBXBuildFile; fileRef = 5BDFE0C724B526E3007B2E24 /* bearstar.png */; };
/* End PBXBuildFile section */

/* Begin PBXFileReference section */
		5BDFE0A424B526A4007B2E24 /* ConstellationExplanation.app */ = {isa = PBXFileReference; explicitFileType = wrapper.application; includeInIndex = 0; path = ConstellationExplanation.app; sourceTree = BUILT_PRODUCTS_DIR; };
		5BDFE0A724B526A4007B2E24 /* AppDelegate.swift */ = {isa = PBXFileReference; lastKnownFileType = sourcecode.swift; path = AppDelegate.swift; sourceTree = "<group>"; };
		5BDFE0A924B526A4007B2E24 /* SceneDelegate.swift */ = {isa = PBXFileReference; lastKnownFileType = sourcecode.swift; path = SceneDelegate.swift; sourceTree = "<group>"; };
		5BDFE0AB24B526A4007B2E24 /* ViewController.swift */ = {isa = PBXFileReference; lastKnownFileType = sourcecode.swift; path = ViewController.swift; sourceTree = "<group>"; };
		5BDFE0AE24B526A4007B2E24 /* Base */ = {isa = PBXFileReference; lastKnownFileType = file.storyboard; name = Base; path = Base.lproj/Main.storyboard; sourceTree = "<group>"; };
		5BDFE0B024B526A5007B2E24 /* Assets.xcassets */ = {isa = PBXFileReference; lastKnownFileType = folder.assetcatalog; path = Assets.xcassets; sourceTree = "<group>"; };
		5BDFE0B324B526A5007B2E24 /* Base */ = {isa = PBXFileReference; lastKnownFileType = file.storyboard; name = Base; path = Base.lproj/LaunchScreen.storyboard; sourceTree = "<group>"; };
		5BDFE0B524B526A5007B2E24 /* Info.plist */ = {isa = PBXFileReference; lastKnownFileType = text.plist.xml; path = Info.plist; sourceTree = "<group>"; };
		5BDFE0BC24B526E2007B2E24 /* rabbit.png */ = {isa = PBXFileReference; lastKnownFileType = image.png; path = rabbit.png; sourceTree = "<group>"; };
		5BDFE0BD24B526E2007B2E24 /* aurora.jpeg */ = {isa = PBXFileReference; lastKnownFileType = image.jpeg; path = aurora.jpeg; sourceTree = "<group>"; };
		5BDFE0BE24B526E2007B2E24 /* bear.png */ = {isa = PBXFileReference; lastKnownFileType = image.png; path = bear.png; sourceTree = "<group>"; };
		5BDFE0BF24B526E2007B2E24 /* horsestar.png */ = {isa = PBXFileReference; lastKnownFileType = image.png; path = horsestar.png; sourceTree = "<group>"; };
		5BDFE0C024B526E2007B2E24 /* rabbitstar.png */ = {isa = PBXFileReference; lastKnownFileType = image.png; path = rabbitstar.png; sourceTree = "<group>"; };
		5BDFE0C124B526E2007B2E24 /* dogstar.png */ = {isa = PBXFileReference; lastKnownFileType = image.png; path = dogstar.png; sourceTree = "<group>"; };
		5BDFE0C224B526E2007B2E24 /* eagle.png */ = {isa = PBXFileReference; lastKnownFileType = image.png; path = eagle.png; sourceTree = "<group>"; };
		5BDFE0C324B526E2007B2E24 /* horse.png */ = {isa = PBXFileReference; lastKnownFileType = image.png; path = horse.png; sourceTree = "<group>"; };
		5BDFE0C424B526E2007B2E24 /* eaglestar.png */ = {isa = PBXFileReference; lastKnownFileType = image.png; path = eaglestar.png; sourceTree = "<group>"; };
		5BDFE0C524B526E2007B2E24 /* dog.png */ = {isa = PBXFileReference; lastKnownFileType = image.png; path = dog.png; sourceTree = "<group>"; };
		5BDFE0C624B526E3007B2E24 /* constellation.jpeg */ = {isa = PBXFileReference; lastKnownFileType = image.jpeg; path = constellation.jpeg; sourceTree = "<group>"; };
		5BDFE0C724B526E3007B2E24 /* bearstar.png */ = {isa = PBXFileReference; lastKnownFileType = image.png; path = bearstar.png; sourceTree = "<group>"; };
/* End PBXFileReference section */

/* Begin PBXFrameworksBuildPhase section */
		5BDFE0A124B526A4007B2E24 /* Frameworks */ = {
			isa = PBXFrameworksBuildPhase;
			buildActionMask = 2147483647;
			files = (
			);
			runOnlyForDeploymentPostprocessing = 0;
		};
/* End PBXFrameworksBuildPhase section */

/* Begin PBXGroup section */
		5BDFE09B24B526A4007B2E24 = {
			isa = PBXGroup;
			children = (
				5BDFE0A624B526A4007B2E24 /* ConstellationExplanation */,
				5BDFE0A524B526A4007B2E24 /* Products */,
			);
			sourceTree = "<group>";
		};
		5BDFE0A524B526A4007B2E24 /* Products */ = {
			isa = PBXGroup;
			children = (
				5BDFE0A424B526A4007B2E24 /* ConstellationExplanation.app */,
			);
			name = Products;
			sourceTree = "<group>";
		};
		5BDFE0A624B526A4007B2E24 /* ConstellationExplanation */ = {
			isa = PBXGroup;
			children = (
				5BDFE0BB24B526B8007B2E24 /* Resource */,
				5BDFE0A724B526A4007B2E24 /* AppDelegate.swift */,
				5BDFE0A924B526A4007B2E24 /* SceneDelegate.swift */,
				5BDFE0AB24B526A4007B2E24 /* ViewController.swift */,
				5BDFE0AD24B526A4007B2E24 /* Main.storyboard */,
				5BDFE0B024B526A5007B2E24 /* Assets.xcassets */,
				5BDFE0B224B526A5007B2E24 /* LaunchScreen.storyboard */,
				5BDFE0B524B526A5007B2E24 /* Info.plist */,
			);
			path = ConstellationExplanation;
			sourceTree = "<group>";
		};
		5BDFE0BB24B526B8007B2E24 /* Resource */ = {
			isa = PBXGroup;
			children = (
				5BDFE0BD24B526E2007B2E24 /* aurora.jpeg */,
				5BDFE0BE24B526E2007B2E24 /* bear.png */,
				5BDFE0C724B526E3007B2E24 /* bearstar.png */,
				5BDFE0C624B526E3007B2E24 /* constellation.jpeg */,
				5BDFE0C524B526E2007B2E24 /* dog.png */,
				5BDFE0C124B526E2007B2E24 /* dogstar.png */,
				5BDFE0C224B526E2007B2E24 /* eagle.png */,
				5BDFE0C424B526E2007B2E24 /* eaglestar.png */,
				5BDFE0C324B526E2007B2E24 /* horse.png */,
				5BDFE0BF24B526E2007B2E24 /* horsestar.png */,
				5BDFE0BC24B526E2007B2E24 /* rabbit.png */,
				5BDFE0C024B526E2007B2E24 /* rabbitstar.png */,
			);
			path = Resource;
			sourceTree = "<group>";
		};
/* End PBXGroup section */

/* Begin PBXNativeTarget section */
		5BDFE0A324B526A4007B2E24 /* ConstellationExplanation */ = {
			isa = PBXNativeTarget;
			buildConfigurationList = 5BDFE0B824B526A5007B2E24 /* Build configuration list for PBXNativeTarget "ConstellationExplanation" */;
			buildPhases = (
				5BDFE0A024B526A4007B2E24 /* Sources */,
				5BDFE0A124B526A4007B2E24 /* Frameworks */,
				5BDFE0A224B526A4007B2E24 /* Resources */,
			);
			buildRules = (
			);
			dependencies = (
			);
			name = ConstellationExplanation;
			productName = ConstellationExplanation;
			productReference = 5BDFE0A424B526A4007B2E24 /* ConstellationExplanation.app */;
			productType = "com.apple.product-type.application";
		};
/* End PBXNativeTarget section */

/* Begin PBXProject section */
		5BDFE09C24B526A4007B2E24 /* Project object */ = {
			isa = PBXProject;
			attributes = {
				LastSwiftUpdateCheck = 1150;
				LastUpgradeCheck = 1150;
				ORGANIZATIONNAME = JSPRO;
				TargetAttributes = {
					5BDFE0A324B526A4007B2E24 = {
						CreatedOnToolsVersion = 11.5;
					};
				};
			};
			buildConfigurationList = 5BDFE09F24B526A4007B2E24 /* Build configuration list for PBXProject "ConstellationExplanation" */;
			compatibilityVersion = "Xcode 9.3";
			developmentRegion = en;
			hasScannedForEncodings = 0;
			knownRegions = (
				en,
				Base,
			);
			mainGroup = 5BDFE09B24B526A4007B2E24;
			productRefGroup = 5BDFE0A524B526A4007B2E24 /* Products */;
			projectDirPath = "";
			projectRoot = "";
			targets = (
				5BDFE0A324B526A4007B2E24 /* ConstellationExplanation */,
			);
		};
/* End PBXProject section */

/* Begin PBXResourcesBuildPhase section */
		5BDFE0A224B526A4007B2E24 /* Resources */ = {
			isa = PBXResourcesBuildPhase;
			buildActionMask = 2147483647;
			files = (
				5BDFE0B424B526A5007B2E24 /* LaunchScreen.storyboard in Resources */,
				5BDFE0CD24B526E3007B2E24 /* dogstar.png in Resources */,
				5BDFE0CE24B526E3007B2E24 /* eagle.png in Resources */,
				5BDFE0C924B526E3007B2E24 /* aurora.jpeg in Resources */,
				5BDFE0CB24B526E3007B2E24 /* horsestar.png in Resources */,
				5BDFE0C824B526E3007B2E24 /* rabbit.png in Resources */,
				5BDFE0D324B526E3007B2E24 /* bearstar.png in Resources */,
				5BDFE0CF24B526E3007B2E24 /* horse.png in Resources */,
				5BDFE0D224B526E3007B2E24 /* constellation.jpeg in Resources */,
				5BDFE0B124B526A5007B2E24 /* Assets.xcassets in Resources */,
				5BDFE0D124B526E3007B2E24 /* dog.png in Resources */,
				5BDFE0D024B526E3007B2E24 /* eaglestar.png in Resources */,
				5BDFE0AF24B526A4007B2E24 /* Main.storyboard in Resources */,
				5BDFE0CA24B526E3007B2E24 /* bear.png in Resources */,
				5BDFE0CC24B526E3007B2E24 /* rabbitstar.png in Resources */,
			);
			runOnlyForDeploymentPostprocessing = 0;
		};
/* End PBXResourcesBuildPhase section */

/* Begin PBXSourcesBuildPhase section */
		5BDFE0A024B526A4007B2E24 /* Sources */ = {
			isa = PBXSourcesBuildPhase;
			buildActionMask = 2147483647;
			files = (
				5BDFE0AC24B526A4007B2E24 /* ViewController.swift in Sources */,
				5BDFE0A824B526A4007B2E24 /* AppDelegate.swift in Sources */,
				5BDFE0AA24B526A4007B2E24 /* SceneDelegate.swift in Sources */,
			);
			runOnlyForDeploymentPostprocessing = 0;
		};
/* End PBXSourcesBuildPhase section */

/* Begin PBXVariantGroup section */
		5BDFE0AD24B526A4007B2E24 /* Main.storyboard */ = {
			isa = PBXVariantGroup;
			children = (
				5BDFE0AE24B526A4007B2E24 /* Base */,
			);
			name = Main.storyboard;
			sourceTree = "<group>";
		};
		5BDFE0B224B526A5007B2E24 /* LaunchScreen.storyboard */ = {
			isa = PBXVariantGroup;
			children = (
				5BDFE0B324B526A5007B2E24 /* Base */,
			);
			name = LaunchScreen.storyboard;
			sourceTree = "<group>";
		};
/* End PBXVariantGroup section */

/* Begin XCBuildConfiguration section */
		5BDFE0B624B526A5007B2E24 /* Debug */ = {
			isa = XCBuildConfiguration;
			buildSettings = {
				ALWAYS_SEARCH_USER_PATHS = NO;
				CLANG_ANALYZER_NONNULL = YES;
				CLANG_ANALYZER_NUMBER_OBJECT_CONVERSION = YES_AGGRESSIVE;
				CLANG_CXX_LANGUAGE_STANDARD = "gnu++14";
				CLANG_CXX_LIBRARY = "libc++";
				CLANG_ENABLE_MODULES = YES;
				CLANG_ENABLE_OBJC_ARC = YES;
				CLANG_ENABLE_OBJC_WEAK = YES;
				CLANG_WARN_BLOCK_CAPTURE_AUTORELEASING = YES;
				CLANG_WARN_BOOL_CONVERSION = YES;
				CLANG_WARN_COMMA = YES;
				CLANG_WARN_CONSTANT_CONVERSION = YES;
				CLANG_WARN_DEPRECATED_OBJC_IMPLEMENTATIONS = YES;
				CLANG_WARN_DIRECT_OBJC_ISA_USAGE = YES_ERROR;
				CLANG_WARN_DOCUMENTATION_COMMENTS = YES;
				CLANG_WARN_EMPTY_BODY = YES;
				CLANG_WARN_ENUM_CONVERSION = YES;
				CLANG_WARN_INFINITE_RECURSION = YES;
				CLANG_WARN_INT_CONVERSION = YES;
				CLANG_WARN_NON_LITERAL_NULL_CONVERSION = YES;
				CLANG_WARN_OBJC_IMPLICIT_RETAIN_SELF = YES;
				CLANG_WARN_OBJC_LITERAL_CONVERSION = YES;
				CLANG_WARN_OBJC_ROOT_CLASS = YES_ERROR;
				CLANG_WARN_RANGE_LOOP_ANALYSIS = YES;
				CLANG_WARN_STRICT_PROTOTYPES = YES;
				CLANG_WARN_SUSPICIOUS_MOVE = YES;
				CLANG_WARN_UNGUARDED_AVAILABILITY = YES_AGGRESSIVE;
				CLANG_WARN_UNREACHABLE_CODE = YES;
				CLANG_WARN__DUPLICATE_METHOD_MATCH = YES;
				COPY_PHASE_STRIP = NO;
				DEBUG_INFORMATION_FORMAT = dwarf;
				ENABLE_STRICT_OBJC_MSGSEND = YES;
				ENABLE_TESTABILITY = YES;
				GCC_C_LANGUAGE_STANDARD = gnu11;
				GCC_DYNAMIC_NO_PIC = NO;
				GCC_NO_COMMON_BLOCKS = YES;
				GCC_OPTIMIZATION_LEVEL = 0;
				GCC_PREPROCESSOR_DEFINITIONS = (
					"DEBUG=1",
					"$(inherited)",
				);
				GCC_WARN_64_TO_32_BIT_CONVERSION = YES;
				GCC_WARN_ABOUT_RETURN_TYPE = YES_ERROR;
				GCC_WARN_UNDECLARED_SELECTOR = YES;
				GCC_WARN_UNINITIALIZED_AUTOS = YES_AGGRESSIVE;
				GCC_WARN_UNUSED_FUNCTION = YES;
				GCC_WARN_UNUSED_VARIABLE = YES;
				IPHONEOS_DEPLOYMENT_TARGET = 13.5;
				MTL_ENABLE_DEBUG_INFO = INCLUDE_SOURCE;
				MTL_FAST_MATH = YES;
				ONLY_ACTIVE_ARCH = YES;
				SDKROOT = iphoneos;
				SWIFT_ACTIVE_COMPILATION_CONDITIONS = DEBUG;
				SWIFT_OPTIMIZATION_LEVEL = "-Onone";
			};
			name = Debug;
		};
		5BDFE0B724B526A5007B2E24 /* Release */ = {
			isa = XCBuildConfiguration;
			buildSettings = {
				ALWAYS_SEARCH_USER_PATHS = NO;
				CLANG_ANALYZER_NONNULL = YES;
				CLANG_ANALYZER_NUMBER_OBJECT_CONVERSION = YES_AGGRESSIVE;
				CLANG_CXX_LANGUAGE_STANDARD = "gnu++14";
				CLANG_CXX_LIBRARY = "libc++";
				CLANG_ENABLE_MODULES = YES;
				CLANG_ENABLE_OBJC_ARC = YES;
				CLANG_ENABLE_OBJC_WEAK = YES;
				CLANG_WARN_BLOCK_CAPTURE_AUTORELEASING = YES;
				CLANG_WARN_BOOL_CONVERSION = YES;
				CLANG_WARN_COMMA = YES;
				CLANG_WARN_CONSTANT_CONVERSION = YES;
				CLANG_WARN_DEPRECATED_OBJC_IMPLEMENTATIONS = YES;
				CLANG_WARN_DIRECT_OBJC_ISA_USAGE = YES_ERROR;
				CLANG_WARN_DOCUMENTATION_COMMENTS = YES;
				CLANG_WARN_EMPTY_BODY = YES;
				CLANG_WARN_ENUM_CONVERSION = YES;
				CLANG_WARN_INFINITE_RECURSION = YES;
				CLANG_WARN_INT_CONVERSION = YES;
				CLANG_WARN_NON_LITERAL_NULL_CONVERSION = YES;
				CLANG_WARN_OBJC_IMPLICIT_RETAIN_SELF = YES;
				CLANG_WARN_OBJC_LITERAL_CONVERSION = YES;
				CLANG_WARN_OBJC_ROOT_CLASS = YES_ERROR;
				CLANG_WARN_RANGE_LOOP_ANALYSIS = YES;
				CLANG_WARN_STRICT_PROTOTYPES = YES;
				CLANG_WARN_SUSPICIOUS_MOVE = YES;
				CLANG_WARN_UNGUARDED_AVAILABILITY = YES_AGGRESSIVE;
				CLANG_WARN_UNREACHABLE_CODE = YES;
				CLANG_WARN__DUPLICATE_METHOD_MATCH = YES;
				COPY_PHASE_STRIP = NO;
				DEBUG_INFORMATION_FORMAT = "dwarf-with-dsym";
				ENABLE_NS_ASSERTIONS = NO;
				ENABLE_STRICT_OBJC_MSGSEND = YES;
				GCC_C_LANGUAGE_STANDARD = gnu11;
				GCC_NO_COMMON_BLOCKS = YES;
				GCC_WARN_64_TO_32_BIT_CONVERSION = YES;
				GCC_WARN_ABOUT_RETURN_TYPE = YES_ERROR;
				GCC_WARN_UNDECLARED_SELECTOR = YES;
				GCC_WARN_UNINITIALIZED_AUTOS = YES_AGGRESSIVE;
				GCC_WARN_UNUSED_FUNCTION = YES;
				GCC_WARN_UNUSED_VARIABLE = YES;
				IPHONEOS_DEPLOYMENT_TARGET = 13.5;
				MTL_ENABLE_DEBUG_INFO = NO;
				MTL_FAST_MATH = YES;
				SDKROOT = iphoneos;
				SWIFT_COMPILATION_MODE = wholemodule;
				SWIFT_OPTIMIZATION_LEVEL = "-O";
				VALIDATE_PRODUCT = YES;
			};
			name = Release;
		};
		5BDFE0B924B526A5007B2E24 /* Debug */ = {
			isa = XCBuildConfiguration;
			buildSettings = {
				ASSETCATALOG_COMPILER_APPICON_NAME = AppIcon;
				CODE_SIGN_STYLE = Automatic;
				DEVELOPMENT_TEAM = DAH3QXS8T7;
				INFOPLIST_FILE = ConstellationExplanation/Info.plist;
				LD_RUNPATH_SEARCH_PATHS = (
					"$(inherited)",
					"@executable_path/Frameworks",
				);
				PRODUCT_BUNDLE_IDENTIFIER = com.kakao.ConstellationExplanation;
				PRODUCT_NAME = "$(TARGET_NAME)";
				SWIFT_VERSION = 5.0;
				TARGETED_DEVICE_FAMILY = "1,2";
			};
			name = Debug;
		};
		5BDFE0BA24B526A5007B2E24 /* Release */ = {
			isa = XCBuildConfiguration;
			buildSettings = {
				ASSETCATALOG_COMPILER_APPICON_NAME = AppIcon;
				CODE_SIGN_STYLE = Automatic;
				DEVELOPMENT_TEAM = DAH3QXS8T7;
				INFOPLIST_FILE = ConstellationExplanation/Info.plist;
				LD_RUNPATH_SEARCH_PATHS = (
					"$(inherited)",
					"@executable_path/Frameworks",
				);
				PRODUCT_BUNDLE_IDENTIFIER = com.kakao.ConstellationExplanation;
				PRODUCT_NAME = "$(TARGET_NAME)";
				SWIFT_VERSION = 5.0;
				TARGETED_DEVICE_FAMILY = "1,2";
			};
			name = Release;
		};
/* End XCBuildConfiguration section */

/* Begin XCConfigurationList section */
		5BDFE09F24B526A4007B2E24 /* Build configuration list for PBXProject "ConstellationExplanation" */ = {
			isa = XCConfigurationList;
			buildConfigurations = (
				5BDFE0B624B526A5007B2E24 /* Debug */,
				5BDFE0B724B526A5007B2E24 /* Release */,
			);
			defaultConfigurationIsVisible = 0;
			defaultConfigurationName = Release;
		};
		5BDFE0B824B526A5007B2E24 /* Build configuration list for PBXNativeTarget "ConstellationExplanation" */ = {
			isa = XCConfigurationList;
			buildConfigurations = (
				5BDFE0B924B526A5007B2E24 /* Debug */,
				5BDFE0BA24B526A5007B2E24 /* Release */,
			);
			defaultConfigurationIsVisible = 0;
			defaultConfigurationName = Release;
		};
/* End XCConfigurationList section */
	};
	rootObject = 5BDFE09C24B526A4007B2E24 /* Project object */;
}
